
Microsoft Visual Studio Solution File, Format Version 12.00
# Visual Studio Version 17
VisualStudioVersion = 17.6.33723.286
MinimumVisualStudioVersion = 10.0.40219.1
Project("{FAE04EC0-301F-11D3-BF4B-00C04F79EFBC}") = "loginInScreen", "loginInScreen\loginInScreen.csproj", "{9B33628D-086F-4765-A416-859DE6069323}"
EndProject
Global
	GlobalSection(SolutionConfigurationPlatforms) = preSolution
		Debug|Any CPU = Debug|Any CPU
		Release|Any CPU = Release|Any CPU
	EndGlobalSection
	GlobalSection(ProjectConfigurationPlatforms) = postSolution
		{9B33628D-086F-4765-A416-859DE6069323}.Debug|Any CPU.ActiveCfg = Debug|Any CPU
		{9B33628D-086F-4765-A416-859DE6069323}.Debug|Any CPU.Build.0 = Debug|Any CPU
		{9B33628D-086F-4765-A416-859DE6069323}.Release|Any CPU.ActiveCfg = Release|Any CPU
		{9B33628D-086F-4765-A416-859DE6069323}.Release|Any CPU.Build.0 = Release|Any CPU
	EndGlobalSection
	GlobalSection(SolutionProperties) = preSolution
		HideSolutionNode = FALSE
	EndGlobalSection
	GlobalSection(ExtensibilityGlobals) = postSolution
		SolutionGuid = {1D840B65-C2EE-4A0D-A4F6-0DB6C97BC5C4}
	EndGlobalSection
EndGlobal
