
Microsoft Visual Studio Solution File, Format Version 12.00
# Visual Studio Version 17
VisualStudioVersion = 17.6.33723.286
MinimumVisualStudioVersion = 10.0.40219.1
Project("{FAE04EC0-301F-11D3-BF4B-00C04F79EFBC}") = "gameStore", "gameStore\gameStore.csproj", "{6FA5E9D6-1285-4DF5-9D73-64C37984E6CF}"
EndProject
Global
	GlobalSection(SolutionConfigurationPlatforms) = preSolution
		Debug|Any CPU = Debug|Any CPU
		Release|Any CPU = Release|Any CPU
	EndGlobalSection
	GlobalSection(ProjectConfigurationPlatforms) = postSolution
		{6FA5E9D6-1285-4DF5-9D73-64C37984E6CF}.Debug|Any CPU.ActiveCfg = Debug|Any CPU
		{6FA5E9D6-1285-4DF5-9D73-64C37984E6CF}.Debug|Any CPU.Build.0 = Debug|Any CPU
		{6FA5E9D6-1285-4DF5-9D73-64C37984E6CF}.Release|Any CPU.ActiveCfg = Release|Any CPU
		{6FA5E9D6-1285-4DF5-9D73-64C37984E6CF}.Release|Any CPU.Build.0 = Release|Any CPU
	EndGlobalSection
	GlobalSection(SolutionProperties) = preSolution
		HideSolutionNode = FALSE
	EndGlobalSection
	GlobalSection(ExtensibilityGlobals) = postSolution
		SolutionGuid = {22B3DF37-1EFF-46D8-B6F9-B56E1CD147E2}
	EndGlobalSection
EndGlobal
