
Microsoft Visual Studio Solution File, Format Version 12.00
# Visual Studio Version 17
VisualStudioVersion = 17.6.33723.286
MinimumVisualStudioVersion = 10.0.40219.1
Project("{FAE04EC0-301F-11D3-BF4B-00C04F79EFBC}") = "Canvas", "Canvas\Canvas.csproj", "{FA3E1524-0FAF-4D66-A328-C0072C0C8CFF}"
EndProject
Global
	GlobalSection(SolutionConfigurationPlatforms) = preSolution
		Debug|Any CPU = Debug|Any CPU
		Release|Any CPU = Release|Any CPU
	EndGlobalSection
	GlobalSection(ProjectConfigurationPlatforms) = postSolution
		{FA3E1524-0FAF-4D66-A328-C0072C0C8CFF}.Debug|Any CPU.ActiveCfg = Debug|Any CPU
		{FA3E1524-0FAF-4D66-A328-C0072C0C8CFF}.Debug|Any CPU.Build.0 = Debug|Any CPU
		{FA3E1524-0FAF-4D66-A328-C0072C0C8CFF}.Release|Any CPU.ActiveCfg = Release|Any CPU
		{FA3E1524-0FAF-4D66-A328-C0072C0C8CFF}.Release|Any CPU.Build.0 = Release|Any CPU
	EndGlobalSection
	GlobalSection(SolutionProperties) = preSolution
		HideSolutionNode = FALSE
	EndGlobalSection
	GlobalSection(ExtensibilityGlobals) = postSolution
		SolutionGuid = {C32BD4FA-6F2E-4C7E-9DD2-D528D1F411DC}
	EndGlobalSection
EndGlobal
